
Microsoft Visual Studio Solution File, Format Version 12.00
# Visual Studio Version 16
VisualStudioVersion = 16.0.31112.23
MinimumVisualStudioVersion = 10.0.40219.1
Project("{FAE04EC0-301F-11D3-BF4B-00C04F79EFBC}") = "CowinPoll", "CowinPoll\CowinPoll.csproj", "{32B95FF5-8207-4513-B247-228B22AC4BF9}"
EndProject
Project("{FAE04EC0-301F-11D3-BF4B-00C04F79EFBC}") = "CowinPoll.Models", "CowinPoll.Models\CowinPoll.Models.csproj", "{410CC019-9E22-48F6-8532-5115C73BBA70}"
EndProject
Project("{FAE04EC0-301F-11D3-BF4B-00C04F79EFBC}") = "CowinPoll.Services", "CowinPoll.Services\CowinPoll.Services.csproj", "{B4B580DF-BEEE-429F-9208-157E84B29DE0}"
EndProject
Global
	GlobalSection(SolutionConfigurationPlatforms) = preSolution
		Debug|Any CPU = Debug|Any CPU
		Release|Any CPU = Release|Any CPU
	EndGlobalSection
	GlobalSection(ProjectConfigurationPlatforms) = postSolution
		{32B95FF5-8207-4513-B247-228B22AC4BF9}.Debug|Any CPU.ActiveCfg = Debug|Any CPU
		{32B95FF5-8207-4513-B247-228B22AC4BF9}.Debug|Any CPU.Build.0 = Debug|Any CPU
		{32B95FF5-8207-4513-B247-228B22AC4BF9}.Release|Any CPU.ActiveCfg = Release|Any CPU
		{32B95FF5-8207-4513-B247-228B22AC4BF9}.Release|Any CPU.Build.0 = Release|Any CPU
		{410CC019-9E22-48F6-8532-5115C73BBA70}.Debug|Any CPU.ActiveCfg = Debug|Any CPU
		{410CC019-9E22-48F6-8532-5115C73BBA70}.Debug|Any CPU.Build.0 = Debug|Any CPU
		{410CC019-9E22-48F6-8532-5115C73BBA70}.Release|Any CPU.ActiveCfg = Release|Any CPU
		{410CC019-9E22-48F6-8532-5115C73BBA70}.Release|Any CPU.Build.0 = Release|Any CPU
		{B4B580DF-BEEE-429F-9208-157E84B29DE0}.Debug|Any CPU.ActiveCfg = Debug|Any CPU
		{B4B580DF-BEEE-429F-9208-157E84B29DE0}.Debug|Any CPU.Build.0 = Debug|Any CPU
		{B4B580DF-BEEE-429F-9208-157E84B29DE0}.Release|Any CPU.ActiveCfg = Release|Any CPU
		{B4B580DF-BEEE-429F-9208-157E84B29DE0}.Release|Any CPU.Build.0 = Release|Any CPU
	EndGlobalSection
	GlobalSection(SolutionProperties) = preSolution
		HideSolutionNode = FALSE
	EndGlobalSection
	GlobalSection(ExtensibilityGlobals) = postSolution
		SolutionGuid = {FF54ED44-1D44-41F2-8D1E-809342150D64}
	EndGlobalSection
EndGlobal
